{
  "object": {
    "pins": [
      {
        "package": "Realm",
        "repositoryURL": "https://github.com/realm/realm-cocoa.git",
        "state": {
          "branch": null,
          "revision": "e7f7c51ed111939884d7493eb56fe5dac4019c38",
          "version": "10.1.1"
        }
      },
      {
        "package": "RealmCore",
        "repositoryURL": "https://github.com/realm/realm-core",
        "state": {
          "branch": null,
          "revision": "b7c49bb107cfc933016792e78fc5daa2aca71a14",
          "version": "6.0.19"
        }
      }
    ]
  },
  "version": 1
}
